
Microsoft Visual Studio Solution File, Format Version 12.00
# Visual Studio Version 16
VisualStudioVersion = 16.0.29306.81
MinimumVisualStudioVersion = 10.0.40219.1
Project("{FAE04EC0-301F-11D3-BF4B-00C04F79EFBC}") = "MVCDemo", "MVCDemo\MVCDemo.csproj", "{8F38C3C5-963D-4E5F-8E9E-728EF7F7A683}"
EndProject
Project("{FAE04EC0-301F-11D3-BF4B-00C04F79EFBC}") = "MVCDemoDataLibrary", "MVCDemoDataLibrary\MVCDemoDataLibrary.csproj", "{F413A032-37C5-4BE0-B8A5-EE5CD7241F22}"
EndProject
Project("{00D1A9C2-B5F0-4AF3-8072-F6C62B433612}") = "MVCDemoDatabase", "MVCDemoDatabase\MVCDemoDatabase.sqlproj", "{C23FAA4D-F701-4CAA-89A9-0E305CF2B28D}"
EndProject
Global
	GlobalSection(SolutionConfigurationPlatforms) = preSolution
		Debug|Any CPU = Debug|Any CPU
		Release|Any CPU = Release|Any CPU
	EndGlobalSection
	GlobalSection(ProjectConfigurationPlatforms) = postSolution
		{8F38C3C5-963D-4E5F-8E9E-728EF7F7A683}.Debug|Any CPU.ActiveCfg = Debug|Any CPU
		{8F38C3C5-963D-4E5F-8E9E-728EF7F7A683}.Debug|Any CPU.Build.0 = Debug|Any CPU
		{8F38C3C5-963D-4E5F-8E9E-728EF7F7A683}.Release|Any CPU.ActiveCfg = Release|Any CPU
		{8F38C3C5-963D-4E5F-8E9E-728EF7F7A683}.Release|Any CPU.Build.0 = Release|Any CPU
		{F413A032-37C5-4BE0-B8A5-EE5CD7241F22}.Debug|Any CPU.ActiveCfg = Debug|Any CPU
		{F413A032-37C5-4BE0-B8A5-EE5CD7241F22}.Debug|Any CPU.Build.0 = Debug|Any CPU
		{F413A032-37C5-4BE0-B8A5-EE5CD7241F22}.Release|Any CPU.ActiveCfg = Release|Any CPU
		{F413A032-37C5-4BE0-B8A5-EE5CD7241F22}.Release|Any CPU.Build.0 = Release|Any CPU
		{C23FAA4D-F701-4CAA-89A9-0E305CF2B28D}.Debug|Any CPU.ActiveCfg = Debug|Any CPU
		{C23FAA4D-F701-4CAA-89A9-0E305CF2B28D}.Debug|Any CPU.Build.0 = Debug|Any CPU
		{C23FAA4D-F701-4CAA-89A9-0E305CF2B28D}.Debug|Any CPU.Deploy.0 = Debug|Any CPU
		{C23FAA4D-F701-4CAA-89A9-0E305CF2B28D}.Release|Any CPU.ActiveCfg = Release|Any CPU
		{C23FAA4D-F701-4CAA-89A9-0E305CF2B28D}.Release|Any CPU.Build.0 = Release|Any CPU
		{C23FAA4D-F701-4CAA-89A9-0E305CF2B28D}.Release|Any CPU.Deploy.0 = Release|Any CPU
	EndGlobalSection
	GlobalSection(SolutionProperties) = preSolution
		HideSolutionNode = FALSE
	EndGlobalSection
	GlobalSection(ExtensibilityGlobals) = postSolution
		SolutionGuid = {BC756BC4-A7BE-465F-AF47-DEB219C697FD}
	EndGlobalSection
EndGlobal
